{
  "name": "wickra-benchmark-example-node",
  "version": "0.1.1",
  "lockfileVersion": 3,
  "requires": true,
  "packages": {
    "": {
      "name": "wickra-benchmark-example-node",
      "version": "0.1.1",
      "license": "MIT OR Apache-2.0",
      "dependencies": {
        "wickra-benchmark": "file:../../bindings/node"
      }
    },
    "../../bindings/node": {
      "name": "wickra-benchmark",
      "version": "0.1.1",
      "license": "MIT OR Apache-2.0",
      "devDependencies": {
        "@napi-rs/cli": "^3.7.4"
      },
      "engines": {
        "node": ">= 22"
      },
      "optionalDependencies": {
        "wickra-benchmark-darwin-arm64": "0.1.1",
        "wickra-benchmark-darwin-x64": "0.1.1",
        "wickra-benchmark-linux-arm64-gnu": "0.1.1",
        "wickra-benchmark-linux-x64-gnu": "0.1.1",
        "wickra-benchmark-win32-arm64-msvc": "0.1.1",
        "wickra-benchmark-win32-x64-msvc": "0.1.1"
      }
    },
    "node_modules/wickra-benchmark": {
      "resolved": "../../bindings/node",
      "link": true
    }
  }
}
